
Microsoft Visual Studio Solution File, Format Version 12.00
# Visual Studio Version 17
VisualStudioVersion = 17.4.33213.308
MinimumVisualStudioVersion = 10.0.40219.1
Project("{FAE04EC0-301F-11D3-BF4B-00C04F79EFBC}") = "Prioritify", "Prioritify\Prioritify.csproj", "{E038E1FA-315F-4379-AD57-6B601B95CA6D}"
EndProject
Project("{FAE04EC0-301F-11D3-BF4B-00C04F79EFBC}") = "Prioritify.Sources", "Prioritify.Sources\Prioritify.Sources.csproj", "{54F3CCD8-C3AB-4BCF-ADED-9C8DB63C54F6}"
EndProject
Project("{FAE04EC0-301F-11D3-BF4B-00C04F79EFBC}") = "Prioritify.Data", "Prioritify.Data\Prioritify.Data.csproj", "{F0F79ED2-8CFD-4FD0-BE9E-ECB8772DF42F}"
EndProject
Global
	GlobalSection(SolutionConfigurationPlatforms) = preSolution
		Debug|Any CPU = Debug|Any CPU
		Release|Any CPU = Release|Any CPU
	EndGlobalSection
	GlobalSection(ProjectConfigurationPlatforms) = postSolution
		{E038E1FA-315F-4379-AD57-6B601B95CA6D}.Debug|Any CPU.ActiveCfg = Debug|Any CPU
		{E038E1FA-315F-4379-AD57-6B601B95CA6D}.Debug|Any CPU.Build.0 = Debug|Any CPU
		{E038E1FA-315F-4379-AD57-6B601B95CA6D}.Release|Any CPU.ActiveCfg = Release|Any CPU
		{E038E1FA-315F-4379-AD57-6B601B95CA6D}.Release|Any CPU.Build.0 = Release|Any CPU
		{54F3CCD8-C3AB-4BCF-ADED-9C8DB63C54F6}.Debug|Any CPU.ActiveCfg = Debug|Any CPU
		{54F3CCD8-C3AB-4BCF-ADED-9C8DB63C54F6}.Debug|Any CPU.Build.0 = Debug|Any CPU
		{54F3CCD8-C3AB-4BCF-ADED-9C8DB63C54F6}.Release|Any CPU.ActiveCfg = Release|Any CPU
		{54F3CCD8-C3AB-4BCF-ADED-9C8DB63C54F6}.Release|Any CPU.Build.0 = Release|Any CPU
		{F0F79ED2-8CFD-4FD0-BE9E-ECB8772DF42F}.Debug|Any CPU.ActiveCfg = Debug|Any CPU
		{F0F79ED2-8CFD-4FD0-BE9E-ECB8772DF42F}.Debug|Any CPU.Build.0 = Debug|Any CPU
		{F0F79ED2-8CFD-4FD0-BE9E-ECB8772DF42F}.Release|Any CPU.ActiveCfg = Release|Any CPU
		{F0F79ED2-8CFD-4FD0-BE9E-ECB8772DF42F}.Release|Any CPU.Build.0 = Release|Any CPU
	EndGlobalSection
	GlobalSection(SolutionProperties) = preSolution
		HideSolutionNode = FALSE
	EndGlobalSection
	GlobalSection(ExtensibilityGlobals) = postSolution
		SolutionGuid = {5CE925D8-3CEB-48BE-A853-66ED4F03CDD7}
	EndGlobalSection
EndGlobal
